
Microsoft Visual Studio Solution File, Format Version 12.00
# Visual Studio Version 16
VisualStudioVersion = 16.0.29806.167
MinimumVisualStudioVersion = 10.0.40219.1
Project("{FAE04EC0-301F-11D3-BF4B-00C04F79EFBC}") = "Xamarin.Forms.BackgroundVideoView.Android", "Xamarin.Forms.BackgroundVideoView.Android\Xamarin.Forms.BackgroundVideoView.Android.csproj", "{B6FE942B-9747-42C1-A5FD-24887335F1BA}"
EndProject
Project("{FAE04EC0-301F-11D3-BF4B-00C04F79EFBC}") = "Xamarin.Forms.BackgroundVideoView.iOS", "Xamarin.Forms.BackgroundVideoView.iOS\Xamarin.Forms.BackgroundVideoView.iOS.csproj", "{60B6BC0B-94E3-4D46-AAEE-1F5D361FC5D3}"
EndProject
Project("{9A19103F-16F7-4668-BE54-9A1E7A4F7556}") = "Xamarin.Forms.BackgroundVideoView", "Xamarin.Forms.BackgroundVideoView\Xamarin.Forms.BackgroundVideoView.csproj", "{2FD6DA15-9AE5-4CA7-9148-807D11328EE3}"
EndProject
Project("{FAE04EC0-301F-11D3-BF4B-00C04F79EFBC}") = "Forms.BackgroundVideo.AndroidCore", "..\Forms.BackgroundVideo.AndroidCore\Forms.BackgroundVideo.AndroidCore.csproj", "{9672C41F-F065-477D-A90E-04019EFBBE9A}"
EndProject
Project("{FAE04EC0-301F-11D3-BF4B-00C04F79EFBC}") = "Forms.BackgroundVideoView.iOSCore", "Forms.BackgroundVideoView.iOSCore\Forms.BackgroundVideoView.iOSCore.csproj", "{5E6F2FC0-F420-4BFE-AE89-9BDBA2553203}"
EndProject
Global
	GlobalSection(SolutionConfigurationPlatforms) = preSolution
		Debug|Any CPU = Debug|Any CPU
		Debug|iPhone = Debug|iPhone
		Debug|iPhoneSimulator = Debug|iPhoneSimulator
		Release|Any CPU = Release|Any CPU
		Release|iPhone = Release|iPhone
		Release|iPhoneSimulator = Release|iPhoneSimulator
	EndGlobalSection
	GlobalSection(ProjectConfigurationPlatforms) = postSolution
		{B6FE942B-9747-42C1-A5FD-24887335F1BA}.Debug|Any CPU.ActiveCfg = Debug|Any CPU
		{B6FE942B-9747-42C1-A5FD-24887335F1BA}.Debug|Any CPU.Build.0 = Debug|Any CPU
		{B6FE942B-9747-42C1-A5FD-24887335F1BA}.Debug|Any CPU.Deploy.0 = Debug|Any CPU
		{B6FE942B-9747-42C1-A5FD-24887335F1BA}.Debug|iPhone.ActiveCfg = Debug|Any CPU
		{B6FE942B-9747-42C1-A5FD-24887335F1BA}.Debug|iPhone.Build.0 = Debug|Any CPU
		{B6FE942B-9747-42C1-A5FD-24887335F1BA}.Debug|iPhone.Deploy.0 = Debug|Any CPU
		{B6FE942B-9747-42C1-A5FD-24887335F1BA}.Debug|iPhoneSimulator.ActiveCfg = Debug|Any CPU
		{B6FE942B-9747-42C1-A5FD-24887335F1BA}.Debug|iPhoneSimulator.Build.0 = Debug|Any CPU
		{B6FE942B-9747-42C1-A5FD-24887335F1BA}.Debug|iPhoneSimulator.Deploy.0 = Debug|Any CPU
		{B6FE942B-9747-42C1-A5FD-24887335F1BA}.Release|Any CPU.ActiveCfg = Release|Any CPU
		{B6FE942B-9747-42C1-A5FD-24887335F1BA}.Release|Any CPU.Build.0 = Release|Any CPU
		{B6FE942B-9747-42C1-A5FD-24887335F1BA}.Release|Any CPU.Deploy.0 = Release|Any CPU
		{B6FE942B-9747-42C1-A5FD-24887335F1BA}.Release|iPhone.ActiveCfg = Release|Any CPU
		{B6FE942B-9747-42C1-A5FD-24887335F1BA}.Release|iPhone.Build.0 = Release|Any CPU
		{B6FE942B-9747-42C1-A5FD-24887335F1BA}.Release|iPhone.Deploy.0 = Release|Any CPU
		{B6FE942B-9747-42C1-A5FD-24887335F1BA}.Release|iPhoneSimulator.ActiveCfg = Release|Any CPU
		{B6FE942B-9747-42C1-A5FD-24887335F1BA}.Release|iPhoneSimulator.Build.0 = Release|Any CPU
		{B6FE942B-9747-42C1-A5FD-24887335F1BA}.Release|iPhoneSimulator.Deploy.0 = Release|Any CPU
		{60B6BC0B-94E3-4D46-AAEE-1F5D361FC5D3}.Debug|Any CPU.ActiveCfg = Debug|iPhoneSimulator
		{60B6BC0B-94E3-4D46-AAEE-1F5D361FC5D3}.Debug|Any CPU.Build.0 = Debug|iPhoneSimulator
		{60B6BC0B-94E3-4D46-AAEE-1F5D361FC5D3}.Debug|Any CPU.Deploy.0 = Debug|iPhoneSimulator
		{60B6BC0B-94E3-4D46-AAEE-1F5D361FC5D3}.Debug|iPhone.ActiveCfg = Debug|iPhone
		{60B6BC0B-94E3-4D46-AAEE-1F5D361FC5D3}.Debug|iPhone.Build.0 = Debug|iPhone
		{60B6BC0B-94E3-4D46-AAEE-1F5D361FC5D3}.Debug|iPhone.Deploy.0 = Debug|iPhone
		{60B6BC0B-94E3-4D46-AAEE-1F5D361FC5D3}.Debug|iPhoneSimulator.ActiveCfg = Debug|iPhoneSimulator
		{60B6BC0B-94E3-4D46-AAEE-1F5D361FC5D3}.Debug|iPhoneSimulator.Build.0 = Debug|iPhoneSimulator
		{60B6BC0B-94E3-4D46-AAEE-1F5D361FC5D3}.Debug|iPhoneSimulator.Deploy.0 = Debug|iPhoneSimulator
		{60B6BC0B-94E3-4D46-AAEE-1F5D361FC5D3}.Release|Any CPU.ActiveCfg = Release|iPhone
		{60B6BC0B-94E3-4D46-AAEE-1F5D361FC5D3}.Release|Any CPU.Build.0 = Release|iPhone
		{60B6BC0B-94E3-4D46-AAEE-1F5D361FC5D3}.Release|Any CPU.Deploy.0 = Release|iPhone
		{60B6BC0B-94E3-4D46-AAEE-1F5D361FC5D3}.Release|iPhone.ActiveCfg = Release|iPhone
		{60B6BC0B-94E3-4D46-AAEE-1F5D361FC5D3}.Release|iPhone.Build.0 = Release|iPhone
		{60B6BC0B-94E3-4D46-AAEE-1F5D361FC5D3}.Release|iPhone.Deploy.0 = Release|iPhone
		{60B6BC0B-94E3-4D46-AAEE-1F5D361FC5D3}.Release|iPhoneSimulator.ActiveCfg = Release|iPhoneSimulator
		{60B6BC0B-94E3-4D46-AAEE-1F5D361FC5D3}.Release|iPhoneSimulator.Build.0 = Release|iPhoneSimulator
		{60B6BC0B-94E3-4D46-AAEE-1F5D361FC5D3}.Release|iPhoneSimulator.Deploy.0 = Release|iPhoneSimulator
		{2FD6DA15-9AE5-4CA7-9148-807D11328EE3}.Debug|Any CPU.ActiveCfg = Debug|Any CPU
		{2FD6DA15-9AE5-4CA7-9148-807D11328EE3}.Debug|Any CPU.Build.0 = Debug|Any CPU
		{2FD6DA15-9AE5-4CA7-9148-807D11328EE3}.Debug|Any CPU.Deploy.0 = Debug|Any CPU
		{2FD6DA15-9AE5-4CA7-9148-807D11328EE3}.Debug|iPhone.ActiveCfg = Debug|Any CPU
		{2FD6DA15-9AE5-4CA7-9148-807D11328EE3}.Debug|iPhone.Build.0 = Debug|Any CPU
		{2FD6DA15-9AE5-4CA7-9148-807D11328EE3}.Debug|iPhone.Deploy.0 = Debug|Any CPU
		{2FD6DA15-9AE5-4CA7-9148-807D11328EE3}.Debug|iPhoneSimulator.ActiveCfg = Debug|Any CPU
		{2FD6DA15-9AE5-4CA7-9148-807D11328EE3}.Debug|iPhoneSimulator.Build.0 = Debug|Any CPU
		{2FD6DA15-9AE5-4CA7-9148-807D11328EE3}.Debug|iPhoneSimulator.Deploy.0 = Debug|Any CPU
		{2FD6DA15-9AE5-4CA7-9148-807D11328EE3}.Release|Any CPU.ActiveCfg = Release|Any CPU
		{2FD6DA15-9AE5-4CA7-9148-807D11328EE3}.Release|Any CPU.Build.0 = Release|Any CPU
		{2FD6DA15-9AE5-4CA7-9148-807D11328EE3}.Release|Any CPU.Deploy.0 = Release|Any CPU
		{2FD6DA15-9AE5-4CA7-9148-807D11328EE3}.Release|iPhone.ActiveCfg = Release|Any CPU
		{2FD6DA15-9AE5-4CA7-9148-807D11328EE3}.Release|iPhone.Build.0 = Release|Any CPU
		{2FD6DA15-9AE5-4CA7-9148-807D11328EE3}.Release|iPhone.Deploy.0 = Release|Any CPU
		{2FD6DA15-9AE5-4CA7-9148-807D11328EE3}.Release|iPhoneSimulator.ActiveCfg = Release|Any CPU
		{2FD6DA15-9AE5-4CA7-9148-807D11328EE3}.Release|iPhoneSimulator.Build.0 = Release|Any CPU
		{2FD6DA15-9AE5-4CA7-9148-807D11328EE3}.Release|iPhoneSimulator.Deploy.0 = Release|Any CPU
		{9672C41F-F065-477D-A90E-04019EFBBE9A}.Debug|Any CPU.ActiveCfg = Debug|Any CPU
		{9672C41F-F065-477D-A90E-04019EFBBE9A}.Debug|Any CPU.Build.0 = Debug|Any CPU
		{9672C41F-F065-477D-A90E-04019EFBBE9A}.Debug|iPhone.ActiveCfg = Debug|Any CPU
		{9672C41F-F065-477D-A90E-04019EFBBE9A}.Debug|iPhone.Build.0 = Debug|Any CPU
		{9672C41F-F065-477D-A90E-04019EFBBE9A}.Debug|iPhoneSimulator.ActiveCfg = Debug|Any CPU
		{9672C41F-F065-477D-A90E-04019EFBBE9A}.Debug|iPhoneSimulator.Build.0 = Debug|Any CPU
		{9672C41F-F065-477D-A90E-04019EFBBE9A}.Release|Any CPU.ActiveCfg = Release|Any CPU
		{9672C41F-F065-477D-A90E-04019EFBBE9A}.Release|Any CPU.Build.0 = Release|Any CPU
		{9672C41F-F065-477D-A90E-04019EFBBE9A}.Release|iPhone.ActiveCfg = Release|Any CPU
		{9672C41F-F065-477D-A90E-04019EFBBE9A}.Release|iPhone.Build.0 = Release|Any CPU
		{9672C41F-F065-477D-A90E-04019EFBBE9A}.Release|iPhoneSimulator.ActiveCfg = Release|Any CPU
		{9672C41F-F065-477D-A90E-04019EFBBE9A}.Release|iPhoneSimulator.Build.0 = Release|Any CPU
		{5E6F2FC0-F420-4BFE-AE89-9BDBA2553203}.Debug|Any CPU.ActiveCfg = Debug|Any CPU
		{5E6F2FC0-F420-4BFE-AE89-9BDBA2553203}.Debug|Any CPU.Build.0 = Debug|Any CPU
		{5E6F2FC0-F420-4BFE-AE89-9BDBA2553203}.Debug|iPhone.ActiveCfg = Debug|Any CPU
		{5E6F2FC0-F420-4BFE-AE89-9BDBA2553203}.Debug|iPhone.Build.0 = Debug|Any CPU
		{5E6F2FC0-F420-4BFE-AE89-9BDBA2553203}.Debug|iPhoneSimulator.ActiveCfg = Debug|Any CPU
		{5E6F2FC0-F420-4BFE-AE89-9BDBA2553203}.Debug|iPhoneSimulator.Build.0 = Debug|Any CPU
		{5E6F2FC0-F420-4BFE-AE89-9BDBA2553203}.Release|Any CPU.ActiveCfg = Release|Any CPU
		{5E6F2FC0-F420-4BFE-AE89-9BDBA2553203}.Release|Any CPU.Build.0 = Release|Any CPU
		{5E6F2FC0-F420-4BFE-AE89-9BDBA2553203}.Release|iPhone.ActiveCfg = Release|Any CPU
		{5E6F2FC0-F420-4BFE-AE89-9BDBA2553203}.Release|iPhone.Build.0 = Release|Any CPU
		{5E6F2FC0-F420-4BFE-AE89-9BDBA2553203}.Release|iPhoneSimulator.ActiveCfg = Release|Any CPU
		{5E6F2FC0-F420-4BFE-AE89-9BDBA2553203}.Release|iPhoneSimulator.Build.0 = Release|Any CPU
	EndGlobalSection
	GlobalSection(SolutionProperties) = preSolution
		HideSolutionNode = FALSE
	EndGlobalSection
	GlobalSection(ExtensibilityGlobals) = postSolution
		SolutionGuid = {D036CCC4-294D-446D-B6F5-5B09E223DFDA}
	EndGlobalSection
EndGlobal
